// !$*UTF8*$!
{
	archiveVersion = 1;
	classes = {
	};
	objectVersion = 55;
	objects = {

/* Begin PBXBuildFile section */
		5CE6EFA4AF3313DD3C034709 /* Pods_Instagram.framework in Frameworks */ = {isa = PBXBuildFile; fileRef = 4DFC3BF8E1AE7CC1FAF92389 /* Pods_Instagram.framework */; };
		920995A8280DD79F008C3491 /* TabBarController.swift in Sources */ = {isa = PBXBuildFile; fileRef = 920995A7280DD79F008C3491 /* TabBarController.swift */; };
		920995AB280DD965008C3491 /* SearchMainViewController.swift in Sources */ = {isa = PBXBuildFile; fileRef = 920995AA280DD965008C3491 /* SearchMainViewController.swift */; };
		920995AF280DD9AD008C3491 /* ShopMainViewController.swift in Sources */ = {isa = PBXBuildFile; fileRef = 920995AE280DD9AD008C3491 /* ShopMainViewController.swift */; };
		920995B1280DD9B5008C3491 /* ReelsMainViewController.swift in Sources */ = {isa = PBXBuildFile; fileRef = 920995B0280DD9B5008C3491 /* ReelsMainViewController.swift */; };
		920995B4280DD9D9008C3491 /* ProfileMainViewController.swift in Sources */ = {isa = PBXBuildFile; fileRef = 920995B3280DD9D9008C3491 /* ProfileMainViewController.swift */; };
		921E573B27FACB1A00CDC913 /* AppDelegate.swift in Sources */ = {isa = PBXBuildFile; fileRef = 921E573A27FACB1A00CDC913 /* AppDelegate.swift */; };
		921E573D27FACB1A00CDC913 /* SceneDelegate.swift in Sources */ = {isa = PBXBuildFile; fileRef = 921E573C27FACB1A00CDC913 /* SceneDelegate.swift */; };
		921E573F27FACB1A00CDC913 /* HomeMainViewController.swift in Sources */ = {isa = PBXBuildFile; fileRef = 921E573E27FACB1A00CDC913 /* HomeMainViewController.swift */; };
		921E574227FACB1A00CDC913 /* Main.storyboard in Resources */ = {isa = PBXBuildFile; fileRef = 921E574027FACB1A00CDC913 /* Main.storyboard */; };
		921E574427FACB1C00CDC913 /* Assets.xcassets in Resources */ = {isa = PBXBuildFile; fileRef = 921E574327FACB1C00CDC913 /* Assets.xcassets */; };
		921E574727FACB1C00CDC913 /* LaunchScreen.storyboard in Resources */ = {isa = PBXBuildFile; fileRef = 921E574527FACB1C00CDC913 /* LaunchScreen.storyboard */; };
		921E575527FAD0EE00CDC913 /* UIView+.swift in Sources */ = {isa = PBXBuildFile; fileRef = 921E575427FAD0EE00CDC913 /* UIView+.swift */; };
		921E575727FAD11800CDC913 /* UITextField+.swift in Sources */ = {isa = PBXBuildFile; fileRef = 921E575627FAD11800CDC913 /* UITextField+.swift */; };
		921E575C27FAD1DF00CDC913 /* IDSFont.swift in Sources */ = {isa = PBXBuildFile; fileRef = 921E575B27FAD1DF00CDC913 /* IDSFont.swift */; };
		921E575E27FAD25300CDC913 /* IDSTextField.swift in Sources */ = {isa = PBXBuildFile; fileRef = 921E575D27FAD25300CDC913 /* IDSTextField.swift */; };
		921E576027FAD3AA00CDC913 /* IDSButton.swift in Sources */ = {isa = PBXBuildFile; fileRef = 921E575F27FAD3AA00CDC913 /* IDSButton.swift */; };
		921E576827FADA4C00CDC913 /* TempAPI.swift in Sources */ = {isa = PBXBuildFile; fileRef = 921E576727FADA4C00CDC913 /* TempAPI.swift */; };
		921E576A27FADA5700CDC913 /* TempDataModel.swift in Sources */ = {isa = PBXBuildFile; fileRef = 921E576927FADA5700CDC913 /* TempDataModel.swift */; };
		921E576C27FADA5F00CDC913 /* TempService.swift in Sources */ = {isa = PBXBuildFile; fileRef = 921E576B27FADA5F00CDC913 /* TempService.swift */; };
		921E576E27FADA7800CDC913 /* GeneralResponse.swift in Sources */ = {isa = PBXBuildFile; fileRef = 921E576D27FADA7800CDC913 /* GeneralResponse.swift */; };
		921E577027FADA8900CDC913 /* GeneralAPI.swift in Sources */ = {isa = PBXBuildFile; fileRef = 921E576F27FADA8900CDC913 /* GeneralAPI.swift */; };
		921E577227FADA9800CDC913 /* NetworkResult.swift in Sources */ = {isa = PBXBuildFile; fileRef = 921E577127FADA9800CDC913 /* NetworkResult.swift */; };
		921E577427FADADC00CDC913 /* MoyaLoggingPlugin.swift in Sources */ = {isa = PBXBuildFile; fileRef = 921E577327FADADC00CDC913 /* MoyaLoggingPlugin.swift */; };
		921E577627FADB1A00CDC913 /* BaseTargetType.swift in Sources */ = {isa = PBXBuildFile; fileRef = 921E577527FADB1A00CDC913 /* BaseTargetType.swift */; };
		921E577B27FADC2E00CDC913 /* SignInViewController.swift in Sources */ = {isa = PBXBuildFile; fileRef = 921E577A27FADC2E00CDC913 /* SignInViewController.swift */; };
		921E578127FADC5B00CDC913 /* AuthCompleteView.swift in Sources */ = {isa = PBXBuildFile; fileRef = 921E578027FADC5B00CDC913 /* AuthCompleteView.swift */; };
		921E578327FADC6600CDC913 /* AuthModel.swift in Sources */ = {isa = PBXBuildFile; fileRef = 921E578227FADC6600CDC913 /* AuthModel.swift */; };
		921E578827FADCFA00CDC913 /* HomeMainModel.swift in Sources */ = {isa = PBXBuildFile; fileRef = 921E578727FADCFA00CDC913 /* HomeMainModel.swift */; };
		921E578A27FADD0300CDC913 /* HomeMainView.swift in Sources */ = {isa = PBXBuildFile; fileRef = 921E578927FADD0300CDC913 /* HomeMainView.swift */; };
		921E578C27FADD6A00CDC913 /* UserNameViewController.swift in Sources */ = {isa = PBXBuildFile; fileRef = 921E578B27FADD6A00CDC913 /* UserNameViewController.swift */; };
		921E578E27FADD8E00CDC913 /* AuthCompleteViewController.swift in Sources */ = {isa = PBXBuildFile; fileRef = 921E578D27FADD8E00CDC913 /* AuthCompleteViewController.swift */; };
		921E579027FADF7B00CDC913 /* SignUpView.swift in Sources */ = {isa = PBXBuildFile; fileRef = 921E578F27FADF7B00CDC913 /* SignUpView.swift */; };
		921E579227FAE23B00CDC913 /* IDSNavigationBar.swift in Sources */ = {isa = PBXBuildFile; fileRef = 921E579127FAE23B00CDC913 /* IDSNavigationBar.swift */; };
		921E579427FAE2BA00CDC913 /* BackButton.swift in Sources */ = {isa = PBXBuildFile; fileRef = 921E579327FAE2BA00CDC913 /* BackButton.swift */; };
		921E579627FAE33C00CDC913 /* CloseButton.swift in Sources */ = {isa = PBXBuildFile; fileRef = 921E579527FAE33C00CDC913 /* CloseButton.swift */; };
		921E579827FAE4C900CDC913 /* SignInView.swift in Sources */ = {isa = PBXBuildFile; fileRef = 921E579727FAE4C900CDC913 /* SignInView.swift */; };
		921E579A27FAE73F00CDC913 /* swiftgen.yml in Resources */ = {isa = PBXBuildFile; fileRef = 921E579927FAE73F00CDC913 /* swiftgen.yml */; };
		921E579E27FAE81E00CDC913 /* Colors.xcassets in Resources */ = {isa = PBXBuildFile; fileRef = 921E579D27FAE81E00CDC913 /* Colors.xcassets */; };
		9244A9DF27FEDD0400D7C2EC /* SignInViewModel.swift in Sources */ = {isa = PBXBuildFile; fileRef = 9244A9DE27FEDD0400D7C2EC /* SignInViewModel.swift */; };
		92920C7527FAE95F00DCABC7 /* Assets+Generated.swift in Sources */ = {isa = PBXBuildFile; fileRef = 92920C7427FAE95F00DCABC7 /* Assets+Generated.swift */; };
		92920C7727FAF71C00DCABC7 /* Reactive+.swift in Sources */ = {isa = PBXBuildFile; fileRef = 92920C7627FAF71C00DCABC7 /* Reactive+.swift */; };
		92920C7927FAFE6800DCABC7 /* UserPasswordViewController.swift in Sources */ = {isa = PBXBuildFile; fileRef = 92920C7827FAFE6800DCABC7 /* UserPasswordViewController.swift */; };
/* End PBXBuildFile section */

/* Begin PBXFileReference section */
		4DFC3BF8E1AE7CC1FAF92389 /* Pods_Instagram.framework */ = {isa = PBXFileReference; explicitFileType = wrapper.framework; includeInIndex = 0; path = Pods_Instagram.framework; sourceTree = BUILT_PRODUCTS_DIR; };
		90819665880AA30CF7419138 /* Pods-Instagram.debug.xcconfig */ = {isa = PBXFileReference; includeInIndex = 1; lastKnownFileType = text.xcconfig; name = "Pods-Instagram.debug.xcconfig"; path = "Target Support Files/Pods-Instagram/Pods-Instagram.debug.xcconfig"; sourceTree = "<group>"; };
		920995A7280DD79F008C3491 /* TabBarController.swift */ = {isa = PBXFileReference; lastKnownFileType = sourcecode.swift; path = TabBarController.swift; sourceTree = "<group>"; };
		920995AA280DD965008C3491 /* SearchMainViewController.swift */ = {isa = PBXFileReference; lastKnownFileType = sourcecode.swift; path = SearchMainViewController.swift; sourceTree = "<group>"; };
		920995AE280DD9AD008C3491 /* ShopMainViewController.swift */ = {isa = PBXFileReference; lastKnownFileType = sourcecode.swift; path = ShopMainViewController.swift; sourceTree = "<group>"; };
		920995B0280DD9B5008C3491 /* ReelsMainViewController.swift */ = {isa = PBXFileReference; lastKnownFileType = sourcecode.swift; path = ReelsMainViewController.swift; sourceTree = "<group>"; };
		920995B3280DD9D9008C3491 /* ProfileMainViewController.swift */ = {isa = PBXFileReference; lastKnownFileType = sourcecode.swift; path = ProfileMainViewController.swift; sourceTree = "<group>"; };
		921E573727FACB1A00CDC913 /* Instagram.app */ = {isa = PBXFileReference; explicitFileType = wrapper.application; includeInIndex = 0; path = Instagram.app; sourceTree = BUILT_PRODUCTS_DIR; };
		921E573A27FACB1A00CDC913 /* AppDelegate.swift */ = {isa = PBXFileReference; lastKnownFileType = sourcecode.swift; path = AppDelegate.swift; sourceTree = "<group>"; };
		921E573C27FACB1A00CDC913 /* SceneDelegate.swift */ = {isa = PBXFileReference; lastKnownFileType = sourcecode.swift; path = SceneDelegate.swift; sourceTree = "<group>"; };
		921E573E27FACB1A00CDC913 /* HomeMainViewController.swift */ = {isa = PBXFileReference; lastKnownFileType = sourcecode.swift; path = HomeMainViewController.swift; sourceTree = "<group>"; };
		921E574127FACB1A00CDC913 /* Base */ = {isa = PBXFileReference; lastKnownFileType = file.storyboard; name = Base; path = Base.lproj/Main.storyboard; sourceTree = "<group>"; };
		921E574327FACB1C00CDC913 /* Assets.xcassets */ = {isa = PBXFileReference; lastKnownFileType = folder.assetcatalog; path = Assets.xcassets; sourceTree = "<group>"; };
		921E574627FACB1C00CDC913 /* Base */ = {isa = PBXFileReference; lastKnownFileType = file.storyboard; name = Base; path = Base.lproj/LaunchScreen.storyboard; sourceTree = "<group>"; };
		921E574827FACB1C00CDC913 /* Info.plist */ = {isa = PBXFileReference; lastKnownFileType = text.plist.xml; path = Info.plist; sourceTree = "<group>"; };
		921E575427FAD0EE00CDC913 /* UIView+.swift */ = {isa = PBXFileReference; lastKnownFileType = sourcecode.swift; path = "UIView+.swift"; sourceTree = "<group>"; };
		921E575627FAD11800CDC913 /* UITextField+.swift */ = {isa = PBXFileReference; lastKnownFileType = sourcecode.swift; path = "UITextField+.swift"; sourceTree = "<group>"; };
		921E575B27FAD1DF00CDC913 /* IDSFont.swift */ = {isa = PBXFileReference; lastKnownFileType = sourcecode.swift; path = IDSFont.swift; sourceTree = "<group>"; };
		921E575D27FAD25300CDC913 /* IDSTextField.swift */ = {isa = PBXFileReference; lastKnownFileType = sourcecode.swift; path = IDSTextField.swift; sourceTree = "<group>"; };
		921E575F27FAD3AA00CDC913 /* IDSButton.swift */ = {isa = PBXFileReference; lastKnownFileType = sourcecode.swift; path = IDSButton.swift; sourceTree = "<group>"; };
		921E576727FADA4C00CDC913 /* TempAPI.swift */ = {isa = PBXFileReference; lastKnownFileType = sourcecode.swift; path = TempAPI.swift; sourceTree = "<group>"; };
		921E576927FADA5700CDC913 /* TempDataModel.swift */ = {isa = PBXFileReference; lastKnownFileType = sourcecode.swift; path = TempDataModel.swift; sourceTree = "<group>"; };
		921E576B27FADA5F00CDC913 /* TempService.swift */ = {isa = PBXFileReference; lastKnownFileType = sourcecode.swift; path = TempService.swift; sourceTree = "<group>"; };
		921E576D27FADA7800CDC913 /* GeneralResponse.swift */ = {isa = PBXFileReference; lastKnownFileType = sourcecode.swift; path = GeneralResponse.swift; sourceTree = "<group>"; };
		921E576F27FADA8900CDC913 /* GeneralAPI.swift */ = {isa = PBXFileReference; lastKnownFileType = sourcecode.swift; path = GeneralAPI.swift; sourceTree = "<group>"; };
		921E577127FADA9800CDC913 /* NetworkResult.swift */ = {isa = PBXFileReference; lastKnownFileType = sourcecode.swift; path = NetworkResult.swift; sourceTree = "<group>"; };
		921E577327FADADC00CDC913 /* MoyaLoggingPlugin.swift */ = {isa = PBXFileReference; lastKnownFileType = sourcecode.swift; path = MoyaLoggingPlugin.swift; sourceTree = "<group>"; };
		921E577527FADB1A00CDC913 /* BaseTargetType.swift */ = {isa = PBXFileReference; lastKnownFileType = sourcecode.swift; path = BaseTargetType.swift; sourceTree = "<group>"; };
		921E577A27FADC2E00CDC913 /* SignInViewController.swift */ = {isa = PBXFileReference; lastKnownFileType = sourcecode.swift; path = SignInViewController.swift; sourceTree = "<group>"; };
		921E578027FADC5B00CDC913 /* AuthCompleteView.swift */ = {isa = PBXFileReference; lastKnownFileType = sourcecode.swift; path = AuthCompleteView.swift; sourceTree = "<group>"; };
		921E578227FADC6600CDC913 /* AuthModel.swift */ = {isa = PBXFileReference; lastKnownFileType = sourcecode.swift; path = AuthModel.swift; sourceTree = "<group>"; };
		921E578727FADCFA00CDC913 /* HomeMainModel.swift */ = {isa = PBXFileReference; lastKnownFileType = sourcecode.swift; path = HomeMainModel.swift; sourceTree = "<group>"; };
		921E578927FADD0300CDC913 /* HomeMainView.swift */ = {isa = PBXFileReference; lastKnownFileType = sourcecode.swift; path = HomeMainView.swift; sourceTree = "<group>"; };
		921E578B27FADD6A00CDC913 /* UserNameViewController.swift */ = {isa = PBXFileReference; lastKnownFileType = sourcecode.swift; path = UserNameViewController.swift; sourceTree = "<group>"; };
		921E578D27FADD8E00CDC913 /* AuthCompleteViewController.swift */ = {isa = PBXFileReference; lastKnownFileType = sourcecode.swift; path = AuthCompleteViewController.swift; sourceTree = "<group>"; };
		921E578F27FADF7B00CDC913 /* SignUpView.swift */ = {isa = PBXFileReference; lastKnownFileType = sourcecode.swift; path = SignUpView.swift; sourceTree = "<group>"; };
		921E579127FAE23B00CDC913 /* IDSNavigationBar.swift */ = {isa = PBXFileReference; lastKnownFileType = sourcecode.swift; path = IDSNavigationBar.swift; sourceTree = "<group>"; };
		921E579327FAE2BA00CDC913 /* BackButton.swift */ = {isa = PBXFileReference; lastKnownFileType = sourcecode.swift; path = BackButton.swift; sourceTree = "<group>"; };
		921E579527FAE33C00CDC913 /* CloseButton.swift */ = {isa = PBXFileReference; lastKnownFileType = sourcecode.swift; path = CloseButton.swift; sourceTree = "<group>"; };
		921E579727FAE4C900CDC913 /* SignInView.swift */ = {isa = PBXFileReference; lastKnownFileType = sourcecode.swift; path = SignInView.swift; sourceTree = "<group>"; };
		921E579927FAE73F00CDC913 /* swiftgen.yml */ = {isa = PBXFileReference; fileEncoding = 4; lastKnownFileType = text.yaml; path = swiftgen.yml; sourceTree = SOURCE_ROOT; };
		921E579D27FAE81E00CDC913 /* Colors.xcassets */ = {isa = PBXFileReference; lastKnownFileType = folder.assetcatalog; path = Colors.xcassets; sourceTree = "<group>"; };
		9244A9DE27FEDD0400D7C2EC /* SignInViewModel.swift */ = {isa = PBXFileReference; lastKnownFileType = sourcecode.swift; path = SignInViewModel.swift; sourceTree = "<group>"; };
		92920C7427FAE95F00DCABC7 /* Assets+Generated.swift */ = {isa = PBXFileReference; fileEncoding = 4; lastKnownFileType = sourcecode.swift; path = "Assets+Generated.swift"; sourceTree = "<group>"; };
		92920C7627FAF71C00DCABC7 /* Reactive+.swift */ = {isa = PBXFileReference; lastKnownFileType = sourcecode.swift; path = "Reactive+.swift"; sourceTree = "<group>"; };
		92920C7827FAFE6800DCABC7 /* UserPasswordViewController.swift */ = {isa = PBXFileReference; lastKnownFileType = sourcecode.swift; path = UserPasswordViewController.swift; sourceTree = "<group>"; };
		DB41544B785A02F968ACF11F /* Pods-Instagram.release.xcconfig */ = {isa = PBXFileReference; includeInIndex = 1; lastKnownFileType = text.xcconfig; name = "Pods-Instagram.release.xcconfig"; path = "Target Support Files/Pods-Instagram/Pods-Instagram.release.xcconfig"; sourceTree = "<group>"; };
/* End PBXFileReference section */

/* Begin PBXFrameworksBuildPhase section */
		921E573427FACB1A00CDC913 /* Frameworks */ = {
			isa = PBXFrameworksBuildPhase;
			buildActionMask = 2147483647;
			files = (
				5CE6EFA4AF3313DD3C034709 /* Pods_Instagram.framework in Frameworks */,
			);
			runOnlyForDeploymentPostprocessing = 0;
		};
/* End PBXFrameworksBuildPhase section */

/* Begin PBXGroup section */
		549923B8B3614C1CE318E701 /* Pods */ = {
			isa = PBXGroup;
			children = (
				90819665880AA30CF7419138 /* Pods-Instagram.debug.xcconfig */,
				DB41544B785A02F968ACF11F /* Pods-Instagram.release.xcconfig */,
			);
			path = Pods;
			sourceTree = "<group>";
		};
		920995A9280DD950008C3491 /* Search */ = {
			isa = PBXGroup;
			children = (
				920995AA280DD965008C3491 /* SearchMainViewController.swift */,
			);
			path = Search;
			sourceTree = "<group>";
		};
		920995AC280DD984008C3491 /* Reels */ = {
			isa = PBXGroup;
			children = (
				920995B0280DD9B5008C3491 /* ReelsMainViewController.swift */,
			);
			path = Reels;
			sourceTree = "<group>";
		};
		920995AD280DD99D008C3491 /* Shop */ = {
			isa = PBXGroup;
			children = (
				920995AE280DD9AD008C3491 /* ShopMainViewController.swift */,
			);
			path = Shop;
			sourceTree = "<group>";
		};
		920995B2280DD9CF008C3491 /* Profile */ = {
			isa = PBXGroup;
			children = (
				920995B3280DD9D9008C3491 /* ProfileMainViewController.swift */,
			);
			path = Profile;
			sourceTree = "<group>";
		};
		921E572E27FACB1A00CDC913 = {
			isa = PBXGroup;
			children = (
				921E573927FACB1A00CDC913 /* Instagram */,
				921E573827FACB1A00CDC913 /* Products */,
				549923B8B3614C1CE318E701 /* Pods */,
				FF974F9CEE94739839915902 /* Frameworks */,
			);
			sourceTree = "<group>";
		};
		921E573827FACB1A00CDC913 /* Products */ = {
			isa = PBXGroup;
			children = (
				921E573727FACB1A00CDC913 /* Instagram.app */,
			);
			name = Products;
			sourceTree = "<group>";
		};
		921E573927FACB1A00CDC913 /* Instagram */ = {
			isa = PBXGroup;
			children = (
				921E579927FAE73F00CDC913 /* swiftgen.yml */,
				921E574E27FACE4E00CDC913 /* Global */,
				921E575127FAD02600CDC913 /* Network */,
				921E575027FAD02000CDC913 /* Resource */,
				921E574F27FAD01100CDC913 /* Source */,
			);
			path = Instagram;
			sourceTree = "<group>";
		};
		921E574E27FACE4E00CDC913 /* Global */ = {
			isa = PBXGroup;
			children = (
				921E579B27FAE78200CDC913 /* Constant */,
				921E575827FAD18A00CDC913 /* DesignSystem */,
				921E575327FAD0CA00CDC913 /* Extension */,
			);
			path = Global;
			sourceTree = "<group>";
		};
		921E574F27FAD01100CDC913 /* Source */ = {
			isa = PBXGroup;
			children = (
				921E577727FADBE000CDC913 /* Screen */,
			);
			path = Source;
			sourceTree = "<group>";
		};
		921E575027FAD02000CDC913 /* Resource */ = {
			isa = PBXGroup;
			children = (
				921E576227FAD8A900CDC913 /* Asset */,
				921E576127FAD88F00CDC913 /* Storyboard */,
				921E575227FAD03E00CDC913 /* Support */,
			);
			path = Resource;
			sourceTree = "<group>";
		};
		921E575127FAD02600CDC913 /* Network */ = {
			isa = PBXGroup;
			children = (
				921E576327FAD9F500CDC913 /* API */,
				921E576427FAD9FF00CDC913 /* DataModel */,
				921E576527FADA0700CDC913 /* Service */,
				921E576627FADA3A00CDC913 /* Utility */,
			);
			path = Network;
			sourceTree = "<group>";
		};
		921E575227FAD03E00CDC913 /* Support */ = {
			isa = PBXGroup;
			children = (
				921E574827FACB1C00CDC913 /* Info.plist */,
				921E573A27FACB1A00CDC913 /* AppDelegate.swift */,
				921E573C27FACB1A00CDC913 /* SceneDelegate.swift */,
			);
			path = Support;
			sourceTree = "<group>";
		};
		921E575327FAD0CA00CDC913 /* Extension */ = {
			isa = PBXGroup;
			children = (
				921E575427FAD0EE00CDC913 /* UIView+.swift */,
				921E575627FAD11800CDC913 /* UITextField+.swift */,
				92920C7627FAF71C00DCABC7 /* Reactive+.swift */,
			);
			path = Extension;
			sourceTree = "<group>";
		};
		921E575827FAD18A00CDC913 /* DesignSystem */ = {
			isa = PBXGroup;
			children = (
				921E575A27FAD1C900CDC913 /* UIComponent */,
				921E575927FAD1C400CDC913 /* Font */,
			);
			path = DesignSystem;
			sourceTree = "<group>";
		};
		921E575927FAD1C400CDC913 /* Font */ = {
			isa = PBXGroup;
			children = (
				921E575B27FAD1DF00CDC913 /* IDSFont.swift */,
			);
			path = Font;
			sourceTree = "<group>";
		};
		921E575A27FAD1C900CDC913 /* UIComponent */ = {
			isa = PBXGroup;
			children = (
				921E575D27FAD25300CDC913 /* IDSTextField.swift */,
				921E575F27FAD3AA00CDC913 /* IDSButton.swift */,
				921E579127FAE23B00CDC913 /* IDSNavigationBar.swift */,
				921E579327FAE2BA00CDC913 /* BackButton.swift */,
				921E579527FAE33C00CDC913 /* CloseButton.swift */,
			);
			path = UIComponent;
			sourceTree = "<group>";
		};
		921E576127FAD88F00CDC913 /* Storyboard */ = {
			isa = PBXGroup;
			children = (
				921E574027FACB1A00CDC913 /* Main.storyboard */,
				921E574527FACB1C00CDC913 /* LaunchScreen.storyboard */,
			);
			path = Storyboard;
			sourceTree = "<group>";
		};
		921E576227FAD8A900CDC913 /* Asset */ = {
			isa = PBXGroup;
			children = (
				921E574327FACB1C00CDC913 /* Assets.xcassets */,
				921E579D27FAE81E00CDC913 /* Colors.xcassets */,
			);
			path = Asset;
			sourceTree = "<group>";
		};
		921E576327FAD9F500CDC913 /* API */ = {
			isa = PBXGroup;
			children = (
				921E576727FADA4C00CDC913 /* TempAPI.swift */,
			);
			path = API;
			sourceTree = "<group>";
		};
		921E576427FAD9FF00CDC913 /* DataModel */ = {
			isa = PBXGroup;
			children = (
				921E576927FADA5700CDC913 /* TempDataModel.swift */,
			);
			path = DataModel;
			sourceTree = "<group>";
		};
		921E576527FADA0700CDC913 /* Service */ = {
			isa = PBXGroup;
			children = (
				921E576B27FADA5F00CDC913 /* TempService.swift */,
			);
			path = Service;
			sourceTree = "<group>";
		};
		921E576627FADA3A00CDC913 /* Utility */ = {
			isa = PBXGroup;
			children = (
				921E577527FADB1A00CDC913 /* BaseTargetType.swift */,
				921E576F27FADA8900CDC913 /* GeneralAPI.swift */,
				921E576D27FADA7800CDC913 /* GeneralResponse.swift */,
				921E577327FADADC00CDC913 /* MoyaLoggingPlugin.swift */,
				921E577127FADA9800CDC913 /* NetworkResult.swift */,
			);
			path = Utility;
			sourceTree = "<group>";
		};
		921E577727FADBE000CDC913 /* Screen */ = {
			isa = PBXGroup;
			children = (
				920995B2280DD9CF008C3491 /* Profile */,
				920995AD280DD99D008C3491 /* Shop */,
				920995AC280DD984008C3491 /* Reels */,
				920995A9280DD950008C3491 /* Search */,
				921E577927FADBF700CDC913 /* Home */,
				921E577827FADBE700CDC913 /* Auth */,
			);
			path = Screen;
			sourceTree = "<group>";
		};
		921E577827FADBE700CDC913 /* Auth */ = {
			isa = PBXGroup;
			children = (
				9244A9DD27FEDCB800D7C2EC /* ViewModel */,
				921E577D27FADC3C00CDC913 /* Model */,
				921E577E27FADC4000CDC913 /* View */,
				921E577F27FADC4500CDC913 /* Controller */,
			);
			path = Auth;
			sourceTree = "<group>";
		};
		921E577927FADBF700CDC913 /* Home */ = {
			isa = PBXGroup;
			children = (
				921E578627FADCF100CDC913 /* Model */,
				921E578527FADCED00CDC913 /* View */,
				921E578427FADCE800CDC913 /* Controller */,
			);
			path = Home;
			sourceTree = "<group>";
		};
		921E577D27FADC3C00CDC913 /* Model */ = {
			isa = PBXGroup;
			children = (
				921E578227FADC6600CDC913 /* AuthModel.swift */,
			);
			path = Model;
			sourceTree = "<group>";
		};
		921E577E27FADC4000CDC913 /* View */ = {
			isa = PBXGroup;
			children = (
				921E579727FAE4C900CDC913 /* SignInView.swift */,
				921E578F27FADF7B00CDC913 /* SignUpView.swift */,
				921E578027FADC5B00CDC913 /* AuthCompleteView.swift */,
			);
			path = View;
			sourceTree = "<group>";
		};
		921E577F27FADC4500CDC913 /* Controller */ = {
			isa = PBXGroup;
			children = (
				921E577A27FADC2E00CDC913 /* SignInViewController.swift */,
				921E578B27FADD6A00CDC913 /* UserNameViewController.swift */,
				92920C7827FAFE6800DCABC7 /* UserPasswordViewController.swift */,
				921E578D27FADD8E00CDC913 /* AuthCompleteViewController.swift */,
			);
			path = Controller;
			sourceTree = "<group>";
		};
		921E578427FADCE800CDC913 /* Controller */ = {
			isa = PBXGroup;
			children = (
				921E573E27FACB1A00CDC913 /* HomeMainViewController.swift */,
				920995A7280DD79F008C3491 /* TabBarController.swift */,
			);
			path = Controller;
			sourceTree = "<group>";
		};
		921E578527FADCED00CDC913 /* View */ = {
			isa = PBXGroup;
			children = (
				921E578927FADD0300CDC913 /* HomeMainView.swift */,
			);
			path = View;
			sourceTree = "<group>";
		};
		921E578627FADCF100CDC913 /* Model */ = {
			isa = PBXGroup;
			children = (
				921E578727FADCFA00CDC913 /* HomeMainModel.swift */,
			);
			path = Model;
			sourceTree = "<group>";
		};
		921E579B27FAE78200CDC913 /* Constant */ = {
			isa = PBXGroup;
			children = (
				92920C7427FAE95F00DCABC7 /* Assets+Generated.swift */,
			);
			path = Constant;
			sourceTree = "<group>";
		};
		9244A9DD27FEDCB800D7C2EC /* ViewModel */ = {
			isa = PBXGroup;
			children = (
				9244A9DE27FEDD0400D7C2EC /* SignInViewModel.swift */,
			);
			path = ViewModel;
			sourceTree = "<group>";
		};
		FF974F9CEE94739839915902 /* Frameworks */ = {
			isa = PBXGroup;
			children = (
				4DFC3BF8E1AE7CC1FAF92389 /* Pods_Instagram.framework */,
			);
			name = Frameworks;
			sourceTree = "<group>";
		};
/* End PBXGroup section */

/* Begin PBXNativeTarget section */
		921E573627FACB1A00CDC913 /* Instagram */ = {
			isa = PBXNativeTarget;
			buildConfigurationList = 921E574B27FACB1C00CDC913 /* Build configuration list for PBXNativeTarget "Instagram" */;
			buildPhases = (
				1569C2DB3E0353C2E07E73A8 /* [CP] Check Pods Manifest.lock */,
				921E579C27FAE79D00CDC913 /* ShellScript */,
				921E573327FACB1A00CDC913 /* Sources */,
				921E573427FACB1A00CDC913 /* Frameworks */,
				921E573527FACB1A00CDC913 /* Resources */,
				2BC0F4C06902F95C74337A91 /* [CP] Embed Pods Frameworks */,
			);
			buildRules = (
			);
			dependencies = (
			);
			name = Instagram;
			productName = Instagram;
			productReference = 921E573727FACB1A00CDC913 /* Instagram.app */;
			productType = "com.apple.product-type.application";
		};
/* End PBXNativeTarget section */

/* Begin PBXProject section */
		921E572F27FACB1A00CDC913 /* Project object */ = {
			isa = PBXProject;
			attributes = {
				BuildIndependentTargetsInParallel = 1;
				LastSwiftUpdateCheck = 1330;
				LastUpgradeCheck = 1330;
				TargetAttributes = {
					921E573627FACB1A00CDC913 = {
						CreatedOnToolsVersion = 13.3;
					};
				};
			};
			buildConfigurationList = 921E573227FACB1A00CDC913 /* Build configuration list for PBXProject "Instagram" */;
			compatibilityVersion = "Xcode 13.0";
			developmentRegion = en;
			hasScannedForEncodings = 0;
			knownRegions = (
				en,
				Base,
			);
			mainGroup = 921E572E27FACB1A00CDC913;
			productRefGroup = 921E573827FACB1A00CDC913 /* Products */;
			projectDirPath = "";
			projectRoot = "";
			targets = (
				921E573627FACB1A00CDC913 /* Instagram */,
			);
		};
/* End PBXProject section */

/* Begin PBXResourcesBuildPhase section */
		921E573527FACB1A00CDC913 /* Resources */ = {
			isa = PBXResourcesBuildPhase;
			buildActionMask = 2147483647;
			files = (
				921E574727FACB1C00CDC913 /* LaunchScreen.storyboard in Resources */,
				921E574427FACB1C00CDC913 /* Assets.xcassets in Resources */,
				921E579E27FAE81E00CDC913 /* Colors.xcassets in Resources */,
				921E574227FACB1A00CDC913 /* Main.storyboard in Resources */,
				921E579A27FAE73F00CDC913 /* swiftgen.yml in Resources */,
			);
			runOnlyForDeploymentPostprocessing = 0;
		};
/* End PBXResourcesBuildPhase section */

/* Begin PBXShellScriptBuildPhase section */
		1569C2DB3E0353C2E07E73A8 /* [CP] Check Pods Manifest.lock */ = {
			isa = PBXShellScriptBuildPhase;
			buildActionMask = 2147483647;
			files = (
			);
			inputFileListPaths = (
			);
			inputPaths = (
				"${PODS_PODFILE_DIR_PATH}/Podfile.lock",
				"${PODS_ROOT}/Manifest.lock",
			);
			name = "[CP] Check Pods Manifest.lock";
			outputFileListPaths = (
			);
			outputPaths = (
				"$(DERIVED_FILE_DIR)/Pods-Instagram-checkManifestLockResult.txt",
			);
			runOnlyForDeploymentPostprocessing = 0;
			shellPath = /bin/sh;
			shellScript = "diff \"${PODS_PODFILE_DIR_PATH}/Podfile.lock\" \"${PODS_ROOT}/Manifest.lock\" > /dev/null\nif [ $? != 0 ] ; then\n    # print error to STDERR\n    echo \"error: The sandbox is not in sync with the Podfile.lock. Run 'pod install' or update your CocoaPods installation.\" >&2\n    exit 1\nfi\n# This output is used by Xcode 'outputs' to avoid re-running this script phase.\necho \"SUCCESS\" > \"${SCRIPT_OUTPUT_FILE_0}\"\n";
			showEnvVarsInLog = 0;
		};
		2BC0F4C06902F95C74337A91 /* [CP] Embed Pods Frameworks */ = {
			isa = PBXShellScriptBuildPhase;
			buildActionMask = 2147483647;
			files = (
			);
			inputFileListPaths = (
				"${PODS_ROOT}/Target Support Files/Pods-Instagram/Pods-Instagram-frameworks-${CONFIGURATION}-input-files.xcfilelist",
			);
			name = "[CP] Embed Pods Frameworks";
			outputFileListPaths = (
				"${PODS_ROOT}/Target Support Files/Pods-Instagram/Pods-Instagram-frameworks-${CONFIGURATION}-output-files.xcfilelist",
			);
			runOnlyForDeploymentPostprocessing = 0;
			shellPath = /bin/sh;
			shellScript = "\"${PODS_ROOT}/Target Support Files/Pods-Instagram/Pods-Instagram-frameworks.sh\"\n";
			showEnvVarsInLog = 0;
		};
		921E579C27FAE79D00CDC913 /* ShellScript */ = {
			isa = PBXShellScriptBuildPhase;
			buildActionMask = 2147483647;
			files = (
			);
			inputFileListPaths = (
			);
			inputPaths = (
			);
			outputFileListPaths = (
			);
			outputPaths = (
			);
			runOnlyForDeploymentPostprocessing = 0;
			shellPath = /bin/sh;
			shellScript = "if [[ -f \"${PODS_ROOT}/SwiftGen/bin/swiftgen\" ]]; then\n  \"${PODS_ROOT}/SwiftGen/bin/swiftgen\"\nelse\n  echo \"warning: SwiftGen is not installed. Run 'pod install --repo-update' to install it.\"\nfi\n";
		};
/* End PBXShellScriptBuildPhase section */

/* Begin PBXSourcesBuildPhase section */
		921E573327FACB1A00CDC913 /* Sources */ = {
			isa = PBXSourcesBuildPhase;
			buildActionMask = 2147483647;
			files = (
				921E578C27FADD6A00CDC913 /* UserNameViewController.swift in Sources */,
				921E578A27FADD0300CDC913 /* HomeMainView.swift in Sources */,
				921E577427FADADC00CDC913 /* MoyaLoggingPlugin.swift in Sources */,
				921E579627FAE33C00CDC913 /* CloseButton.swift in Sources */,
				9244A9DF27FEDD0400D7C2EC /* SignInViewModel.swift in Sources */,
				921E575527FAD0EE00CDC913 /* UIView+.swift in Sources */,
				921E579027FADF7B00CDC913 /* SignUpView.swift in Sources */,
				921E576E27FADA7800CDC913 /* GeneralResponse.swift in Sources */,
				92920C7527FAE95F00DCABC7 /* Assets+Generated.swift in Sources */,
				921E577627FADB1A00CDC913 /* BaseTargetType.swift in Sources */,
				921E579227FAE23B00CDC913 /* IDSNavigationBar.swift in Sources */,
				921E576827FADA4C00CDC913 /* TempAPI.swift in Sources */,
				920995AF280DD9AD008C3491 /* ShopMainViewController.swift in Sources */,
				92920C7927FAFE6800DCABC7 /* UserPasswordViewController.swift in Sources */,
				921E576C27FADA5F00CDC913 /* TempService.swift in Sources */,
				921E573F27FACB1A00CDC913 /* HomeMainViewController.swift in Sources */,
				921E575727FAD11800CDC913 /* UITextField+.swift in Sources */,
				921E578327FADC6600CDC913 /* AuthModel.swift in Sources */,
				921E578127FADC5B00CDC913 /* AuthCompleteView.swift in Sources */,
				921E573B27FACB1A00CDC913 /* AppDelegate.swift in Sources */,
				921E577B27FADC2E00CDC913 /* SignInViewController.swift in Sources */,
				920995AB280DD965008C3491 /* SearchMainViewController.swift in Sources */,
				921E576A27FADA5700CDC913 /* TempDataModel.swift in Sources */,
				921E578E27FADD8E00CDC913 /* AuthCompleteViewController.swift in Sources */,
				92920C7727FAF71C00DCABC7 /* Reactive+.swift in Sources */,
				921E578827FADCFA00CDC913 /* HomeMainModel.swift in Sources */,
				920995A8280DD79F008C3491 /* TabBarController.swift in Sources */,
				921E573D27FACB1A00CDC913 /* SceneDelegate.swift in Sources */,
				921E575C27FAD1DF00CDC913 /* IDSFont.swift in Sources */,
				921E579827FAE4C900CDC913 /* SignInView.swift in Sources */,
				921E576027FAD3AA00CDC913 /* IDSButton.swift in Sources */,
				921E575E27FAD25300CDC913 /* IDSTextField.swift in Sources */,
				921E577027FADA8900CDC913 /* GeneralAPI.swift in Sources */,
				921E579427FAE2BA00CDC913 /* BackButton.swift in Sources */,
				920995B4280DD9D9008C3491 /* ProfileMainViewController.swift in Sources */,
				920995B1280DD9B5008C3491 /* ReelsMainViewController.swift in Sources */,
				921E577227FADA9800CDC913 /* NetworkResult.swift in Sources */,
			);
			runOnlyForDeploymentPostprocessing = 0;
		};
/* End PBXSourcesBuildPhase section */

/* Begin PBXVariantGroup section */
		921E574027FACB1A00CDC913 /* Main.storyboard */ = {
			isa = PBXVariantGroup;
			children = (
				921E574127FACB1A00CDC913 /* Base */,
			);
			name = Main.storyboard;
			sourceTree = "<group>";
		};
		921E574527FACB1C00CDC913 /* LaunchScreen.storyboard */ = {
			isa = PBXVariantGroup;
			children = (
				921E574627FACB1C00CDC913 /* Base */,
			);
			name = LaunchScreen.storyboard;
			sourceTree = "<group>";
		};
/* End PBXVariantGroup section */

/* Begin XCBuildConfiguration section */
		921E574927FACB1C00CDC913 /* Debug */ = {
			isa = XCBuildConfiguration;
			buildSettings = {
				ALWAYS_SEARCH_USER_PATHS = NO;
				CLANG_ANALYZER_NONNULL = YES;
				CLANG_ANALYZER_NUMBER_OBJECT_CONVERSION = YES_AGGRESSIVE;
				CLANG_CXX_LANGUAGE_STANDARD = "gnu++17";
				CLANG_ENABLE_MODULES = YES;
				CLANG_ENABLE_OBJC_ARC = YES;
				CLANG_ENABLE_OBJC_WEAK = YES;
				CLANG_WARN_BLOCK_CAPTURE_AUTORELEASING = YES;
				CLANG_WARN_BOOL_CONVERSION = YES;
				CLANG_WARN_COMMA = YES;
				CLANG_WARN_CONSTANT_CONVERSION = YES;
				CLANG_WARN_DEPRECATED_OBJC_IMPLEMENTATIONS = YES;
				CLANG_WARN_DIRECT_OBJC_ISA_USAGE = YES_ERROR;
				CLANG_WARN_DOCUMENTATION_COMMENTS = YES;
				CLANG_WARN_EMPTY_BODY = YES;
				CLANG_WARN_ENUM_CONVERSION = YES;
				CLANG_WARN_INFINITE_RECURSION = YES;
				CLANG_WARN_INT_CONVERSION = YES;
				CLANG_WARN_NON_LITERAL_NULL_CONVERSION = YES;
				CLANG_WARN_OBJC_IMPLICIT_RETAIN_SELF = YES;
				CLANG_WARN_OBJC_LITERAL_CONVERSION = YES;
				CLANG_WARN_OBJC_ROOT_CLASS = YES_ERROR;
				CLANG_WARN_QUOTED_INCLUDE_IN_FRAMEWORK_HEADER = YES;
				CLANG_WARN_RANGE_LOOP_ANALYSIS = YES;
				CLANG_WARN_STRICT_PROTOTYPES = YES;
				CLANG_WARN_SUSPICIOUS_MOVE = YES;
				CLANG_WARN_UNGUARDED_AVAILABILITY = YES_AGGRESSIVE;
				CLANG_WARN_UNREACHABLE_CODE = YES;
				CLANG_WARN__DUPLICATE_METHOD_MATCH = YES;
				COPY_PHASE_STRIP = NO;
				DEBUG_INFORMATION_FORMAT = dwarf;
				ENABLE_STRICT_OBJC_MSGSEND = YES;
				ENABLE_TESTABILITY = YES;
				GCC_C_LANGUAGE_STANDARD = gnu11;
				GCC_DYNAMIC_NO_PIC = NO;
				GCC_NO_COMMON_BLOCKS = YES;
				GCC_OPTIMIZATION_LEVEL = 0;
				GCC_PREPROCESSOR_DEFINITIONS = (
					"DEBUG=1",
					"$(inherited)",
				);
				GCC_WARN_64_TO_32_BIT_CONVERSION = YES;
				GCC_WARN_ABOUT_RETURN_TYPE = YES_ERROR;
				GCC_WARN_UNDECLARED_SELECTOR = YES;
				GCC_WARN_UNINITIALIZED_AUTOS = YES_AGGRESSIVE;
				GCC_WARN_UNUSED_FUNCTION = YES;
				GCC_WARN_UNUSED_VARIABLE = YES;
				IPHONEOS_DEPLOYMENT_TARGET = 15.4;
				MTL_ENABLE_DEBUG_INFO = INCLUDE_SOURCE;
				MTL_FAST_MATH = YES;
				ONLY_ACTIVE_ARCH = YES;
				SDKROOT = iphoneos;
				SWIFT_ACTIVE_COMPILATION_CONDITIONS = DEBUG;
				SWIFT_OPTIMIZATION_LEVEL = "-Onone";
			};
			name = Debug;
		};
		921E574A27FACB1C00CDC913 /* Release */ = {
			isa = XCBuildConfiguration;
			buildSettings = {
				ALWAYS_SEARCH_USER_PATHS = NO;
				CLANG_ANALYZER_NONNULL = YES;
				CLANG_ANALYZER_NUMBER_OBJECT_CONVERSION = YES_AGGRESSIVE;
				CLANG_CXX_LANGUAGE_STANDARD = "gnu++17";
				CLANG_ENABLE_MODULES = YES;
				CLANG_ENABLE_OBJC_ARC = YES;
				CLANG_ENABLE_OBJC_WEAK = YES;
				CLANG_WARN_BLOCK_CAPTURE_AUTORELEASING = YES;
				CLANG_WARN_BOOL_CONVERSION = YES;
				CLANG_WARN_COMMA = YES;
				CLANG_WARN_CONSTANT_CONVERSION = YES;
				CLANG_WARN_DEPRECATED_OBJC_IMPLEMENTATIONS = YES;
				CLANG_WARN_DIRECT_OBJC_ISA_USAGE = YES_ERROR;
				CLANG_WARN_DOCUMENTATION_COMMENTS = YES;
				CLANG_WARN_EMPTY_BODY = YES;
				CLANG_WARN_ENUM_CONVERSION = YES;
				CLANG_WARN_INFINITE_RECURSION = YES;
				CLANG_WARN_INT_CONVERSION = YES;
				CLANG_WARN_NON_LITERAL_NULL_CONVERSION = YES;
				CLANG_WARN_OBJC_IMPLICIT_RETAIN_SELF = YES;
				CLANG_WARN_OBJC_LITERAL_CONVERSION = YES;
				CLANG_WARN_OBJC_ROOT_CLASS = YES_ERROR;
				CLANG_WARN_QUOTED_INCLUDE_IN_FRAMEWORK_HEADER = YES;
				CLANG_WARN_RANGE_LOOP_ANALYSIS = YES;
				CLANG_WARN_STRICT_PROTOTYPES = YES;
				CLANG_WARN_SUSPICIOUS_MOVE = YES;
				CLANG_WARN_UNGUARDED_AVAILABILITY = YES_AGGRESSIVE;
				CLANG_WARN_UNREACHABLE_CODE = YES;
				CLANG_WARN__DUPLICATE_METHOD_MATCH = YES;
				COPY_PHASE_STRIP = NO;
				DEBUG_INFORMATION_FORMAT = "dwarf-with-dsym";
				ENABLE_NS_ASSERTIONS = NO;
				ENABLE_STRICT_OBJC_MSGSEND = YES;
				GCC_C_LANGUAGE_STANDARD = gnu11;
				GCC_NO_COMMON_BLOCKS = YES;
				GCC_WARN_64_TO_32_BIT_CONVERSION = YES;
				GCC_WARN_ABOUT_RETURN_TYPE = YES_ERROR;
				GCC_WARN_UNDECLARED_SELECTOR = YES;
				GCC_WARN_UNINITIALIZED_AUTOS = YES_AGGRESSIVE;
				GCC_WARN_UNUSED_FUNCTION = YES;
				GCC_WARN_UNUSED_VARIABLE = YES;
				IPHONEOS_DEPLOYMENT_TARGET = 15.4;
				MTL_ENABLE_DEBUG_INFO = NO;
				MTL_FAST_MATH = YES;
				SDKROOT = iphoneos;
				SWIFT_COMPILATION_MODE = wholemodule;
				SWIFT_OPTIMIZATION_LEVEL = "-O";
				VALIDATE_PRODUCT = YES;
			};
			name = Release;
		};
		921E574C27FACB1C00CDC913 /* Debug */ = {
			isa = XCBuildConfiguration;
			baseConfigurationReference = 90819665880AA30CF7419138 /* Pods-Instagram.debug.xcconfig */;
			buildSettings = {
				ASSETCATALOG_COMPILER_APPICON_NAME = AppIcon;
				ASSETCATALOG_COMPILER_GLOBAL_ACCENT_COLOR_NAME = AccentColor;
				CODE_SIGN_STYLE = Automatic;
				CURRENT_PROJECT_VERSION = 1;
				DEVELOPMENT_TEAM = PU64TS56AD;
				GENERATE_INFOPLIST_FILE = YES;
				INFOPLIST_FILE = Instagram/Resource/Support/Info.plist;
				INFOPLIST_KEY_UIApplicationSupportsIndirectInputEvents = YES;
				INFOPLIST_KEY_UILaunchStoryboardName = LaunchScreen;
				INFOPLIST_KEY_UIMainStoryboardFile = Main;
				INFOPLIST_KEY_UISupportedInterfaceOrientations_iPad = "UIInterfaceOrientationPortrait UIInterfaceOrientationPortraitUpsideDown UIInterfaceOrientationLandscapeLeft UIInterfaceOrientationLandscapeRight";
				INFOPLIST_KEY_UISupportedInterfaceOrientations_iPhone = "UIInterfaceOrientationPortrait UIInterfaceOrientationLandscapeLeft UIInterfaceOrientationLandscapeRight";
				LD_RUNPATH_SEARCH_PATHS = (
					"$(inherited)",
					"@executable_path/Frameworks",
				);
				MARKETING_VERSION = 1.0;
				PRODUCT_BUNDLE_IDENTIFIER = soyeon.Instagram;
				PRODUCT_NAME = "$(TARGET_NAME)";
				SWIFT_EMIT_LOC_STRINGS = YES;
				SWIFT_VERSION = 5.0;
				TARGETED_DEVICE_FAMILY = "1,2";
			};
			name = Debug;
		};
		921E574D27FACB1C00CDC913 /* Release */ = {
			isa = XCBuildConfiguration;
			baseConfigurationReference = DB41544B785A02F968ACF11F /* Pods-Instagram.release.xcconfig */;
			buildSettings = {
				ASSETCATALOG_COMPILER_APPICON_NAME = AppIcon;
				ASSETCATALOG_COMPILER_GLOBAL_ACCENT_COLOR_NAME = AccentColor;
				CODE_SIGN_STYLE = Automatic;
				CURRENT_PROJECT_VERSION = 1;
				DEVELOPMENT_TEAM = PU64TS56AD;
				GENERATE_INFOPLIST_FILE = YES;
				INFOPLIST_FILE = Instagram/Resource/Support/Info.plist;
				INFOPLIST_KEY_UIApplicationSupportsIndirectInputEvents = YES;
				INFOPLIST_KEY_UILaunchStoryboardName = LaunchScreen;
				INFOPLIST_KEY_UIMainStoryboardFile = Main;
				INFOPLIST_KEY_UISupportedInterfaceOrientations_iPad = "UIInterfaceOrientationPortrait UIInterfaceOrientationPortraitUpsideDown UIInterfaceOrientationLandscapeLeft UIInterfaceOrientationLandscapeRight";
				INFOPLIST_KEY_UISupportedInterfaceOrientations_iPhone = "UIInterfaceOrientationPortrait UIInterfaceOrientationLandscapeLeft UIInterfaceOrientationLandscapeRight";
				LD_RUNPATH_SEARCH_PATHS = (
					"$(inherited)",
					"@executable_path/Frameworks",
				);
				MARKETING_VERSION = 1.0;
				PRODUCT_BUNDLE_IDENTIFIER = soyeon.Instagram;
				PRODUCT_NAME = "$(TARGET_NAME)";
				SWIFT_EMIT_LOC_STRINGS = YES;
				SWIFT_VERSION = 5.0;
				TARGETED_DEVICE_FAMILY = "1,2";
			};
			name = Release;
		};
/* End XCBuildConfiguration section */

/* Begin XCConfigurationList section */
		921E573227FACB1A00CDC913 /* Build configuration list for PBXProject "Instagram" */ = {
			isa = XCConfigurationList;
			buildConfigurations = (
				921E574927FACB1C00CDC913 /* Debug */,
				921E574A27FACB1C00CDC913 /* Release */,
			);
			defaultConfigurationIsVisible = 0;
			defaultConfigurationName = Release;
		};
		921E574B27FACB1C00CDC913 /* Build configuration list for PBXNativeTarget "Instagram" */ = {
			isa = XCConfigurationList;
			buildConfigurations = (
				921E574C27FACB1C00CDC913 /* Debug */,
				921E574D27FACB1C00CDC913 /* Release */,
			);
			defaultConfigurationIsVisible = 0;
			defaultConfigurationName = Release;
		};
/* End XCConfigurationList section */
	};
	rootObject = 921E572F27FACB1A00CDC913 /* Project object */;
}
